
Microsoft Visual Studio Solution File, Format Version 12.00
# Visual Studio Version 16
VisualStudioVersion = 16.0.29123.88
MinimumVisualStudioVersion = 10.0.40219.1
Project("{8BC9CEB8-8B4A-11D0-8D11-00A0C91BC942}") = "1024.Palindromic Number(25)", "1024.Palindromic Number(25)\1024.Palindromic Number(25).vcxproj", "{4797EDE9-A3EF-4E5A-8EDA-FE35A4EC4C8A}"
EndProject
Global
	GlobalSection(SolutionConfigurationPlatforms) = preSolution
		Debug|x64 = Debug|x64
		Debug|x86 = Debug|x86
		Release|x64 = Release|x64
		Release|x86 = Release|x86
	EndGlobalSection
	GlobalSection(ProjectConfigurationPlatforms) = postSolution
		{4797EDE9-A3EF-4E5A-8EDA-FE35A4EC4C8A}.Debug|x64.ActiveCfg = Debug|x64
		{4797EDE9-A3EF-4E5A-8EDA-FE35A4EC4C8A}.Debug|x64.Build.0 = Debug|x64
		{4797EDE9-A3EF-4E5A-8EDA-FE35A4EC4C8A}.Debug|x86.ActiveCfg = Debug|Win32
		{4797EDE9-A3EF-4E5A-8EDA-FE35A4EC4C8A}.Debug|x86.Build.0 = Debug|Win32
		{4797EDE9-A3EF-4E5A-8EDA-FE35A4EC4C8A}.Release|x64.ActiveCfg = Release|x64
		{4797EDE9-A3EF-4E5A-8EDA-FE35A4EC4C8A}.Release|x64.Build.0 = Release|x64
		{4797EDE9-A3EF-4E5A-8EDA-FE35A4EC4C8A}.Release|x86.ActiveCfg = Release|Win32
		{4797EDE9-A3EF-4E5A-8EDA-FE35A4EC4C8A}.Release|x86.Build.0 = Release|Win32
	EndGlobalSection
	GlobalSection(SolutionProperties) = preSolution
		HideSolutionNode = FALSE
	EndGlobalSection
	GlobalSection(ExtensibilityGlobals) = postSolution
		SolutionGuid = {EE44E099-7D5F-4352-B970-0A88F87E5CD5}
	EndGlobalSection
EndGlobal
